testkit-checks v2
Run/cancel	signature/cancel	Run reports a cancelled context as cancelled	
Run/deadline	signature/deadline	Run reports an expired deadline as exceeded	
Run/nilcontext	signature/nilcontext	Run returns an error rather than panicking on a nil context	
Run/smoke	signature/smoke	Run survives a call with a seeded value	
Run/zero-on-error	signature/zero-on-error	Run returns zero alongside any error	
model/contract/AUTO-APPENDER-MONOTONIC-OFFSETS	model/appender	offsets of successive appends strictly increase	AUTO-APPENDER-MONOTONIC-OFFSETS
model/contract/AUTO-LINEARIZABLE	model/concurrent	concurrent operation histories are linearizable	
