testkit-checks v2
Get/cancel	signature/cancel	Get reports a cancelled context as cancelled	
Get/deadline	signature/deadline	Get reports an expired deadline as exceeded	
Get/miss	mixin/reader	Get answers no value for a key nothing has written	
Get/nilcontext	signature/nilcontext	Get returns an error rather than panicking on a nil context	
Get/smoke	signature/smoke	Get survives a call with a derived key	
Get/zero-on-error	signature/zero-on-error	Get returns the zero Entry alongside any error	
History/cancel	signature/cancel	History reports a cancelled context as cancelled	
History/deadline	signature/deadline	History reports an expired deadline as exceeded	
History/nilcontext	signature/nilcontext	History returns an error rather than panicking on a nil context	
History/smoke	signature/smoke	History survives a call	
History/zero-on-error	signature/zero-on-error	History returns nothing alongside any error	
Record/cancel	signature/cancel	Record reports a cancelled context as cancelled	
Record/deadline	signature/deadline	Record reports an expired deadline as exceeded	
Record/nilcontext	signature/nilcontext	Record returns an error rather than panicking on a nil context	
Record/smoke	signature/smoke	Record survives a call with a derived entry	
model/mixed/AUTO-COUNT-EQUALS-REFERENCE	model/laws	the subject counts what the reference counts	AUTO-COUNT-EQUALS-REFERENCE
model/mixed/AUTO-SNAPSHOT-ISOLATION-G0	model/laws	the recorded transaction history has no write cycles	AUTO-SNAPSHOT-ISOLATION-G0
model/mixed/AUTO-SNAPSHOT-ISOLATION-G1	model/laws	the recorded transaction history has no aborted, intermediate or cyclic reads	AUTO-SNAPSHOT-ISOLATION-G1
