testkit-checks v2
Add/cancel	signature/cancel	Add reports a cancelled context as cancelled	
Add/deadline	signature/deadline	Add reports an expired deadline as exceeded	
Add/nilcontext	signature/nilcontext	Add returns an error rather than panicking on a nil context	
Add/smoke	signature/smoke	Add survives a call with a derived value	
List/smoke	signature/smoke	List survives a call	
model/stream-reader/AUTO-STREAM-COMPLETION	model/laws	the stream terminates within the declared limit	AUTO-STREAM-COMPLETION
model/stream-reader/AUTO-STREAM-REENTRANT	model/laws	draining twice yields the same items	AUTO-STREAM-REENTRANT
