testkit-checks v2
Advance/cancel	signature/cancel	Advance reports a cancelled context as cancelled	
Advance/nilcontext	signature/nilcontext	Advance returns an error rather than panicking on a nil context	
Advance/smoke	signature/smoke	Advance survives a call	
Version/cancel	signature/cancel	Version reports a cancelled context as cancelled	
Version/deadline	signature/deadline	Version reports an expired deadline as exceeded	
Version/nilcontext	signature/nilcontext	Version returns an error rather than panicking on a nil context	
Version/smoke	signature/smoke	Version survives a call	
Version/zero-on-error	signature/zero-on-error	Version returns zero alongside any error	
model/mixed/laws	model/laws	every bound law holds over random operation sequences	
