github.com/google/go-cmp v0.7.0 h1:wk8382ETsv4JYUZwIsn6YpYiWiBsYLSJiTsyBybVuN8=
github.com/google/go-cmp v0.7.0/go.mod h1:pXiqmnSA92OHEEa9HXL2W4E7lf9JzCmGVUdgjX3N/iU=
go.thesmos.sh/eidos v1.14.2-0.20260820105211-dd939c81353f h1:fke8mai/8/U6YWQjs8c3DIGNiuFoIqp4IRkexGU+Hjg=
go.thesmos.sh/eidos v1.14.2-0.20260820105211-dd939c81353f/go.mod h1:hafUOhbpdIaExBAuwnvHfA92BYgjLWcgEa4PwVs6PO8=
go.thesmos.sh/eidos/backend/golang v1.13.4-0.20260820105211-dd939c81353f h1:6EasDxfv/qRcpfIcfafzL4XMMft3N1yHn7i9oYPlxAE=
go.thesmos.sh/eidos/backend/golang v1.13.4-0.20260820105211-dd939c81353f/go.mod h1:sbYRksaZfn07wdo7zAg43syvsamCSq3l+aGpezdUzjY=
go.thesmos.sh/eidos/eidostest v1.14.1-0.20260820105211-dd939c81353f h1:7ucDT3MOAk/h3QZ6GF+zO+GHz2jnzQShtU/fM5vYyFg=
go.thesmos.sh/eidos/eidostest v1.14.1-0.20260820105211-dd939c81353f/go.mod h1:TZieRj90jM2owvp8ygmAqz6QFRdM9InlwubTrnOcGhM=
go.thesmos.sh/eidos/frontend/golang v1.14.1-0.20260820105211-dd939c81353f h1:2puMOeYwI62qXL7Ayi3BVd5JmylXUyF7t/gMoLz761s=
go.thesmos.sh/eidos/frontend/golang v1.14.1-0.20260820105211-dd939c81353f/go.mod h1:DT/1oBvKrvqYj9znvZHQZAeicNkH+laUdd+Hz0lOkys=
go.thesmos.sh/eidos/plugins v1.14.1-0.20260820105211-dd939c81353f h1:XAcWuHnX6jzjXeTFzVHtz8af8VFebDpaH1JXW7AkxXU=
go.thesmos.sh/eidos/plugins v1.14.1-0.20260820105211-dd939c81353f/go.mod h1:PhNtgK3IoqgFraiD2iBgd3iPOyHUOA2HKxyKI34DCaE=
golang.org/x/mod v0.39.0 h1:UF5zwQdCRRUpHfyPwr7d4UrGiVeldIsogtzWVnczL74=
golang.org/x/mod v0.39.0/go.mod h1:bvIbwjQ0HUFFf5AKukeeYQG4ZBUG9yxQbR9aEweIwYY=
golang.org/x/sync v0.22.0 h1:SZjpbeLmrCk4xhRSZFNZW5gFUeCeFgjekvI/+gfScek=
golang.org/x/sync v0.22.0/go.mod h1:9xrNwdLfx4jkKbNva9FpL6vEN7evnE43NNNJQ2LF3+0=
golang.org/x/tools v0.48.0 h1:3+hClM1aLL5mjMKm5ovokw9epgRXPuu2tILgismM6RE=
golang.org/x/tools v0.48.0/go.mod h1:08xX0orndb/F7jJxGDicx061tyd5pcMto75YMAXr6lk=
pgregory.net/rapid v1.3.0 h1:vBvO0VSqti75J1jjYqpgPNBLKMd1+gxa9fYo7vk/Exc=
pgregory.net/rapid v1.3.0/go.mod h1:dPlE4OBBxgXPqkP79flB6sJL1dx5azpI7HQ9MY9Z7uk=
