testkit-checks v2
Next/cancel	signature/cancel	Next reports a cancelled context as cancelled	
Next/deadline	signature/deadline	Next reports an expired deadline as exceeded	
Next/nilcontext	signature/nilcontext	Next returns an error rather than panicking on a nil context	
Next/smoke	signature/smoke	Next survives a call	
Next/zero-on-error	signature/zero-on-error	Next returns the zero Value and bool alongside any error	
model/source/differential	model/differential	every operation sequence leaves the subject agreeing with the reference	
