testkit-checks v2
Get/cancel	signature/cancel	Get reports a cancelled context as cancelled	
Get/deadline	signature/deadline	Get reports an expired deadline as exceeded	
Get/miss	mixin/reader	Get answers no value for a key nothing has written	
Get/nilcontext	signature/nilcontext	Get returns an error rather than panicking on a nil context	
Get/smoke	signature/smoke	Get survives a call with a derived key	
Get/zero-on-error	signature/zero-on-error	Get returns the zero Value alongside any error	
Put/cancel	signature/cancel	Put reports a cancelled context as cancelled	
Put/deadline	signature/deadline	Put reports an expired deadline as exceeded	
Put/nilcontext	signature/nilcontext	Put returns an error rather than panicking on a nil context	
Put/smoke	signature/smoke	Put survives a call with derived inputs	
Run/cancel	signature/cancel	Run reports a cancelled context as cancelled	
Run/deadline	signature/deadline	Run reports an expired deadline as exceeded	
Run/nilcontext	signature/nilcontext	Run returns an error rather than panicking on a nil context	
Run/smoke	signature/smoke	Run survives a call with a derived body	
model/contract/AUTO-TRANSACTION-ROLLBACK	model/laws	a transaction whose body errs leaves none of its writes visible	AUTO-TRANSACTION-ROLLBACK
model/contract/AUTO-WRITE-OBSERVABLE	model/laws	a written value is readable under the key it was written with	AUTO-WRITE-OBSERVABLE
model/contract/differential	model/differential	every operation sequence leaves the subject agreeing with the reference	
