testkit-checks v2
Flights/cancel	signature/cancel	Flights reports a cancelled context as cancelled	
Flights/deadline	signature/deadline	Flights reports an expired deadline as exceeded	
Flights/nilcontext	signature/nilcontext	Flights returns an error rather than panicking on a nil context	
Flights/smoke	signature/smoke	Flights survives a call	
Flights/zero-on-error	signature/zero-on-error	Flights returns zero alongside any error	
Run/cancel	signature/cancel	Run reports a cancelled context as cancelled	
Run/deadline	signature/deadline	Run reports an expired deadline as exceeded	
Run/nilcontext	signature/nilcontext	Run returns an error rather than panicking on a nil context	
Run/smoke	signature/smoke	Run survives a call with seeded inputs	
Run/zero-on-error	signature/zero-on-error	Run returns zero alongside any error	
model/contract/AUTO-SINGLEFLIGHT-COALESCES	model/laws	concurrent calls for one key compute at most once	AUTO-SINGLEFLIGHT-COALESCES
