testkit-checks v2
Page/cancel	signature/cancel	Page reports a cancelled context as cancelled	
Page/deadline	signature/deadline	Page reports an expired deadline as exceeded	
Page/nilcontext	signature/nilcontext	Page returns an error rather than panicking on a nil context	
Page/smoke	signature/smoke	Page survives a call with a derived cursor	
Page/zero-on-error	signature/zero-on-error	Page returns the zero for every result alongside any error	
Put/cancel	signature/cancel	Put reports a cancelled context as cancelled	
Put/deadline	signature/deadline	Put reports an expired deadline as exceeded	
Put/nilcontext	signature/nilcontext	Put returns an error rather than panicking on a nil context	
Put/smoke	signature/smoke	Put survives a call with a derived value	
model/contract/AUTO-PAGINATOR-NO-DUPLICATES	model/laws	a full walk emits every element at most once	AUTO-PAGINATOR-NO-DUPLICATES
model/contract/AUTO-PAGINATOR-RESUMABLE	model/laws	resuming from a cursor yields exactly the suffix the full walk would have	AUTO-PAGINATOR-RESUMABLE
