testkit-checks v2
Put/answer	mixin/answer	Put answers the state it kept rather than the zero	
Put/cancel	signature/cancel	Put reports a cancelled context as cancelled	
Put/deadline	signature/deadline	Put reports an expired deadline as exceeded	
Put/nilcontext	signature/nilcontext	Put returns an error rather than panicking on a nil context	
Put/smoke	signature/smoke	Put survives a call with a derived value	
Put/zero-on-error	signature/zero-on-error	Put returns the zero Value alongside any error	
model/answering-writer/differential	model/differential	every operation sequence leaves the subject agreeing with the reference	
