testkit-checks v2
Stats/cancel	signature/cancel	Stats reports a cancelled context as cancelled	
Stats/deadline	signature/deadline	Stats reports an expired deadline as exceeded	
Stats/nilcontext	signature/nilcontext	Stats returns an error rather than panicking on a nil context	
Stats/smoke	signature/smoke	Stats survives a call	
Stats/zero-on-error	signature/zero-on-error	Stats returns the zero for every result alongside any error	
model/multi-aggregator/differential	model/differential	every operation sequence leaves the subject agreeing with the reference	
