github.com/anishathalye/porcupine v1.3.0 h1:yo51Niv8Tg0tAAn5XOG2UVvJXUregK4WFuLrBRoowP8=
github.com/anishathalye/porcupine v1.3.0/go.mod h1:WM0SsFjWNl2Y4BqHr/E/ll2yY1GY1jqn+W7Z/84Zoog=
github.com/google/go-cmp v0.7.0 h1:wk8382ETsv4JYUZwIsn6YpYiWiBsYLSJiTsyBybVuN8=
github.com/google/go-cmp v0.7.0/go.mod h1:pXiqmnSA92OHEEa9HXL2W4E7lf9JzCmGVUdgjX3N/iU=
go.thesmos.sh/eidos v1.14.2-0.20260823202727-3787d61fa3a8 h1:LuSYIID8pzdNkYEHkOdpK+oXZ42nKZZxjTXVG9nEGso=
go.thesmos.sh/eidos v1.14.2-0.20260823202727-3787d61fa3a8/go.mod h1:hafUOhbpdIaExBAuwnvHfA92BYgjLWcgEa4PwVs6PO8=
go.thesmos.sh/eidos/backend/golang v1.13.4-0.20260823202727-3787d61fa3a8 h1:DlbMwZW83kAEceVGXdDBPTsTEdCU3jby+U8A6qjYllw=
go.thesmos.sh/eidos/backend/golang v1.13.4-0.20260823202727-3787d61fa3a8/go.mod h1:sbYRksaZfn07wdo7zAg43syvsamCSq3l+aGpezdUzjY=
go.thesmos.sh/eidos/eidostest v1.14.1-0.20260823202727-3787d61fa3a8 h1:uV+KIB9mG78rWS27SsztH16+rID5D5bk/EYda8wW3Mk=
go.thesmos.sh/eidos/eidostest v1.14.1-0.20260823202727-3787d61fa3a8/go.mod h1:TZieRj90jM2owvp8ygmAqz6QFRdM9InlwubTrnOcGhM=
go.thesmos.sh/eidos/frontend/golang v1.14.1-0.20260823202727-3787d61fa3a8 h1:u8rCCZZpNqfdf1JSsWDfP4L2s3Bq3fYFY31/zAnqVns=
go.thesmos.sh/eidos/frontend/golang v1.14.1-0.20260823202727-3787d61fa3a8/go.mod h1:DT/1oBvKrvqYj9znvZHQZAeicNkH+laUdd+Hz0lOkys=
go.thesmos.sh/eidos/plugins v1.14.1-0.20260823202727-3787d61fa3a8 h1:vnEXq84EpV3ir47g3mrpmkqZdUiDI0I2yD5lHLyJO9k=
go.thesmos.sh/eidos/plugins v1.14.1-0.20260823202727-3787d61fa3a8/go.mod h1:PhNtgK3IoqgFraiD2iBgd3iPOyHUOA2HKxyKI34DCaE=
golang.org/x/mod v0.39.0 h1:UF5zwQdCRRUpHfyPwr7d4UrGiVeldIsogtzWVnczL74=
golang.org/x/mod v0.39.0/go.mod h1:bvIbwjQ0HUFFf5AKukeeYQG4ZBUG9yxQbR9aEweIwYY=
golang.org/x/sync v0.22.0 h1:SZjpbeLmrCk4xhRSZFNZW5gFUeCeFgjekvI/+gfScek=
golang.org/x/sync v0.22.0/go.mod h1:9xrNwdLfx4jkKbNva9FpL6vEN7evnE43NNNJQ2LF3+0=
golang.org/x/tools v0.48.0 h1:3+hClM1aLL5mjMKm5ovokw9epgRXPuu2tILgismM6RE=
golang.org/x/tools v0.48.0/go.mod h1:08xX0orndb/F7jJxGDicx061tyd5pcMto75YMAXr6lk=
pgregory.net/rapid v1.3.0 h1:vBvO0VSqti75J1jjYqpgPNBLKMd1+gxa9fYo7vk/Exc=
pgregory.net/rapid v1.3.0/go.mod h1:dPlE4OBBxgXPqkP79flB6sJL1dx5azpI7HQ9MY9Z7uk=
