testkit-checks v2
Begin/cancel	signature/cancel	Begin reports a cancelled context as cancelled	
Begin/deadline	signature/deadline	Begin reports an expired deadline as exceeded	
Begin/nilcontext	signature/nilcontext	Begin returns an error rather than panicking on a nil context	
Begin/smoke	signature/smoke	Begin survives a call	
Begin/zero-on-error	signature/zero-on-error	Begin returns the zero Tx alongside any error	
Commit/cancel	signature/cancel	Commit reports a cancelled context as cancelled	
Commit/deadline	signature/deadline	Commit reports an expired deadline as exceeded	
Commit/nilcontext	signature/nilcontext	Commit returns an error rather than panicking on a nil context	
Commit/smoke	signature/smoke	Commit survives a call with a derived tx	
Get/cancel	signature/cancel	Get reports a cancelled context as cancelled	
Get/deadline	signature/deadline	Get reports an expired deadline as exceeded	
Get/miss	mixin/reader	Get answers no value for a key nothing has written	
Get/nilcontext	signature/nilcontext	Get returns an error rather than panicking on a nil context	
Get/smoke	signature/smoke	Get survives a call with a derived key	
Get/zero-on-error	signature/zero-on-error	Get returns the zero Value alongside any error	
Put/cancel	signature/cancel	Put reports a cancelled context as cancelled	
Put/deadline	signature/deadline	Put reports an expired deadline as exceeded	
Put/nilcontext	signature/nilcontext	Put returns an error rather than panicking on a nil context	
Put/smoke	signature/smoke	Put survives a call with derived inputs	
Rollback/cancel	signature/cancel	Rollback reports a cancelled context as cancelled	
Rollback/deadline	signature/deadline	Rollback reports an expired deadline as exceeded	
Rollback/nilcontext	signature/nilcontext	Rollback returns an error rather than panicking on a nil context	
Rollback/smoke	signature/smoke	Rollback survives a call with a derived tx	
model/contract/AUTO-TRANSACTION-NO-MID-TX-VISIBILITY	model/laws	a write inside an open transaction is invisible until it commits	AUTO-TRANSACTION-NO-MID-TX-VISIBILITY
model/contract/AUTO-TWO-PHASE-MUTEX	model/laws	once a transaction commits or rolls back, the other reports it closed	AUTO-TWO-PHASE-MUTEX
model/contract/AUTO-TWO-PHASE-ROLLBACK-AFTER-COMMIT	model/laws	rolling back a committed transaction reports it closed	AUTO-TWO-PHASE-ROLLBACK-AFTER-COMMIT
