testkit-checks v2
Observed/cancel	signature/cancel	Observed reports a cancelled context as cancelled	
Observed/deadline	signature/deadline	Observed reports an expired deadline as exceeded	
Observed/nilcontext	signature/nilcontext	Observed returns an error rather than panicking on a nil context	
Observed/smoke	signature/smoke	Observed survives a call with a derived key	
Observed/zero-on-error	signature/zero-on-error	Observed returns zero alongside any error	
Touch/cancel	signature/cancel	Touch reports a cancelled context as cancelled	
Touch/deadline	signature/deadline	Touch reports an expired deadline as exceeded	
Touch/nilcontext	signature/nilcontext	Touch returns an error rather than panicking on a nil context	
Touch/sideeffect	mixin/sideeffect	Touch changes what Observed observes	
Touch/smoke	signature/smoke	Touch survives a call with a derived key	
model/mixed/differential	model/differential	every operation sequence leaves the subject agreeing with the reference	
