testkit-checks v2
Commit/cancel	signature/cancel	Commit reports a cancelled context as cancelled	
Commit/nilcontext	signature/nilcontext	Commit returns an error rather than panicking on a nil context	
Commit/orderafter	mixin/orderafter	Commit reports ErrNotReady until Prepare has run	
Commit/smoke	signature/smoke	Commit survives a call	
Prepare/cancel	signature/cancel	Prepare reports a cancelled context as cancelled	
Prepare/nilcontext	signature/nilcontext	Prepare returns an error rather than panicking on a nil context	
Prepare/smoke	signature/smoke	Prepare survives a call	
model/mixed/AUTO-LIFECYCLE-RESPECTS-CONTEXT	model/laws	a lifecycle call handed an already-cancelled context reports the cancellation	AUTO-LIFECYCLE-RESPECTS-CONTEXT
