testkit-checks v2
Get/cancel	signature/cancel	Get reports a cancelled context as cancelled	
Get/deadline	signature/deadline	Get reports an expired deadline as exceeded	
Get/nilcontext	signature/nilcontext	Get returns an error rather than panicking on a nil context	
Get/smoke	signature/smoke	Get survives a call with a seeded key	
Get/zero-on-error	signature/zero-on-error	Get returns zero alongside any error	
model/mixed/AUTO-CACHEABLE	model/laws	repeated reads of one key answer the same value	AUTO-CACHEABLE
