testkit-checks v2
Match/cancel	signature/cancel	Match reports a cancelled context as cancelled	
Match/deadline	signature/deadline	Match reports an expired deadline as exceeded	
Match/miss	mixin/reader	Match reports zero for a value nothing has written	
Match/nilcontext	signature/nilcontext	Match returns an error rather than panicking on a nil context	
Match/smoke	signature/smoke	Match survives a call with a derived value	
Match/zero-on-error	signature/zero-on-error	Match returns zero alongside any error	
Put/cancel	signature/cancel	Put reports a cancelled context as cancelled	
Put/deadline	signature/deadline	Put reports an expired deadline as exceeded	
Put/match	mixin/match	Put agrees with Match about the values this run draws	
Put/nilcontext	signature/nilcontext	Put returns an error rather than panicking on a nil context	
Put/smoke	signature/smoke	Put survives a call with a derived value	
model/contract/differential	model/differential	every operation sequence leaves the subject agreeing with the reference	
