testkit-checks v2
Delete/cancel	signature/cancel	Delete reports a cancelled context as cancelled	
Delete/deadline	signature/deadline	Delete reports an expired deadline as exceeded	
Delete/nilcontext	signature/nilcontext	Delete returns an error rather than panicking on a nil context	
Delete/smoke	signature/smoke	Delete survives a call with a derived key	
Put/cancel	signature/cancel	Put reports a cancelled context as cancelled	
Put/deadline	signature/deadline	Put reports an expired deadline as exceeded	
Put/nilcontext	signature/nilcontext	Put returns an error rather than panicking on a nil context	
Put/smoke	signature/smoke	Put survives a call with derived inputs	
Read/cancel	signature/cancel	Read reports a cancelled context as cancelled	
Read/deadline	signature/deadline	Read reports an expired deadline as exceeded	
Read/miss	mixin/reader	Read answers no value for a key nothing has written	
Read/nilcontext	signature/nilcontext	Read returns an error rather than panicking on a nil context	
Read/smoke	signature/smoke	Read survives a call with a derived key	
Read/zero-on-error	signature/zero-on-error	Read returns zero alongside any error	
model/mixed/AUTO-DELETE-RETURNS-NOT-FOUND	model/laws	where the reference reports the miss sentinel, so does the subject	AUTO-DELETE-RETURNS-NOT-FOUND
model/mixed/AUTO-WRITE-OBSERVABLE	model/laws	a written value is readable under the key it was written with	AUTO-WRITE-OBSERVABLE
model/mixed/differential	model/differential	every operation sequence leaves the subject agreeing with the reference	
