testkit-checks v2
Classify/cancel	signature/cancel	Classify reports a cancelled context as cancelled	
Classify/deadline	signature/deadline	Classify reports an expired deadline as exceeded	
Classify/nilcontext	signature/nilcontext	Classify returns an error rather than panicking on a nil context	
Classify/smoke	signature/smoke	Classify survives a call with a seeded in	
Normalize/smoke	signature/smoke	Normalize survives a call with a seeded in	
model/mixed/laws	model/laws	every bound law holds over random operation sequences	
