testkit-checks v2
AgeOf/cancel	signature/cancel	AgeOf reports a cancelled context as cancelled	
AgeOf/deadline	signature/deadline	AgeOf reports an expired deadline as exceeded	
AgeOf/nilcontext	signature/nilcontext	AgeOf returns an error rather than panicking on a nil context	
AgeOf/smoke	signature/smoke	AgeOf survives a call with a derived key	
AgeOf/zero-on-error	signature/zero-on-error	AgeOf returns zero alongside any error	
Touch/cancel	signature/cancel	Touch reports a cancelled context as cancelled	
Touch/deadline	signature/deadline	Touch reports an expired deadline as exceeded	
Touch/nilcontext	signature/nilcontext	Touch returns an error rather than panicking on a nil context	
Touch/smoke	signature/smoke	Touch survives a call with a derived key	
model/mixed/AUTO-TIMEAWARE-MOVES	model/clocked	what mixed reports for a key changes when the clock does	AUTO-TIMEAWARE-MOVES
